
Microsoft Visual Studio Solution File, Format Version 12.00
# Visual Studio Version 16
VisualStudioVersion = 16.0.30523.141
MinimumVisualStudioVersion = 10.0.40219.1
Project("{FAE04EC0-301F-11D3-BF4B-00C04F79EFBC}") = "FinalProject", "FinalProject.csproj", "{4874E103-DB84-4888-AAEF-5DA067B8B6DD}"
EndProject
Global
	GlobalSection(SolutionConfigurationPlatforms) = preSolution
		Debug|Any CPU = Debug|Any CPU
		Release|Any CPU = Release|Any CPU
	EndGlobalSection
	GlobalSection(ProjectConfigurationPlatforms) = postSolution
		{4874E103-DB84-4888-AAEF-5DA067B8B6DD}.Debug|Any CPU.ActiveCfg = Debug|Any CPU
		{4874E103-DB84-4888-AAEF-5DA067B8B6DD}.Debug|Any CPU.Build.0 = Debug|Any CPU
		{4874E103-DB84-4888-AAEF-5DA067B8B6DD}.Release|Any CPU.ActiveCfg = Release|Any CPU
		{4874E103-DB84-4888-AAEF-5DA067B8B6DD}.Release|Any CPU.Build.0 = Release|Any CPU
	EndGlobalSection
	GlobalSection(SolutionProperties) = preSolution
		HideSolutionNode = FALSE
	EndGlobalSection
	GlobalSection(ExtensibilityGlobals) = postSolution
		SolutionGuid = {B88956D0-0017-4DD1-AC3C-B4BEA2556EB5}
	EndGlobalSection
EndGlobal
